{
  "nodes": {
    "nixpkgs": {
      "locked": {
        "lastModified": 1648087281,
        "narHash": "sha256-oUzwc6MkaX0tJ8GQsm7Ds3vDtpurz7osC2/KPWS5mNg=",
        "owner": "nixos",
        "repo": "nixpkgs",
        "rev": "6b1b445634e0b7d55d5a51eace3bb468c41e5bd4",
        "type": "github"
      },
      "original": {
        "owner": "nixos",
        "repo": "nixpkgs",
        "type": "github"
      }
    },
    "root": {
      "inputs": {
        "nixpkgs": "nixpkgs"
      }
    }
  },
  "root": "root",
  "version": 7
}
