{
  "nodes": {
    "flake-utils": {
      "locked": {
        "lastModified": 1644229661,
        "narHash": "sha256-1YdnJAsNy69bpcjuoKdOYQX0YxZBiCYZo4Twxerqv7k=",
        "owner": "numtide",
        "repo": "flake-utils",
        "rev": "3cecb5b042f7f209c56ffd8371b2711a290ec797",
        "type": "github"
      },
      "original": {
        "owner": "numtide",
        "repo": "flake-utils",
        "type": "github"
      }
    },
    "mmdoc": {
      "inputs": {
        "nixpkgs": "nixpkgs",
        "nixpkgs-for-manual": "nixpkgs-for-manual"
      },
      "locked": {
        "lastModified": 1644646095,
        "narHash": "sha256-c2QguQ4zq6DLEypFbIXPLvVfF92I/eP0wFjLff7bZLc=",
        "owner": "ryantm",
        "repo": "mmdoc",
        "rev": "e68a19add69e07bcbf564fabddd398432daba6a8",
        "type": "github"
      },
      "original": {
        "owner": "ryantm",
        "repo": "mmdoc",
        "type": "github"
      }
    },
    "nixpkgs": {
      "locked": {
        "lastModified": 1637876483,
        "narHash": "sha256-R+flm7K7tv235PARrxiwzsFNg0yT0je8oJAvqYBONjY=",
        "owner": "NixOS",
        "repo": "nixpkgs",
        "rev": "5f914776f4387e366834d6486f9101cac464526f",
        "type": "github"
      },
      "original": {
        "id": "nixpkgs",
        "type": "indirect"
      }
    },
    "nixpkgs-for-manual": {
      "locked": {
        "lastModified": 1637876694,
        "narHash": "sha256-oOdhHv9BxUXTjzjzBSRACxh07kFZFHsccRnb0FC9XS0=",
        "owner": "ryantm",
        "repo": "nixpkgs",
        "rev": "342a1e6ae42ab3869f88e1dcee6fe0ab0c8b1fe4",
        "type": "github"
      },
      "original": {
        "owner": "ryantm",
        "ref": "minman",
        "repo": "nixpkgs",
        "type": "github"
      }
    },
    "nixpkgs_2": {
      "locked": {
        "lastModified": 1644486793,
        "narHash": "sha256-EeijR4guVHgVv+JpOX3cQO+1XdrkJfGmiJ9XVsVU530=",
        "owner": "NixOS",
        "repo": "nixpkgs",
        "rev": "1882c6b7368fd284ad01b0a5b5601ef136321292",
        "type": "github"
      },
      "original": {
        "id": "nixpkgs",
        "type": "indirect"
      }
    },
    "root": {
      "inputs": {
        "flake-utils": "flake-utils",
        "mmdoc": "mmdoc",
        "nixpkgs": "nixpkgs_2"
      }
    }
  },
  "root": "root",
  "version": 7
}
